
Microsoft Visual Studio Solution File, Format Version 12.00
# Visual Studio 2013
VisualStudioVersion = 12.0.21005.1
MinimumVisualStudioVersion = 10.0.40219.1
Project("{FAE04EC0-301F-11D3-BF4B-00C04F79EFBC}") = "IsYearLeap", "IsYearLeap\IsYearLeap.csproj", "{13D15B35-06B6-493F-BFA1-353EB6D49CD2}"
EndProject
Project("{FAE04EC0-301F-11D3-BF4B-00C04F79EFBC}") = "10RandomValues", "10RandomValues\10RandomValues.csproj", "{1091AEEF-34B4-4FFD-86BF-B620B6890F67}"
EndProject
Project("{FAE04EC0-301F-11D3-BF4B-00C04F79EFBC}") = "CurrentDayOfTheWeek", "CurrentDayOfTheWeek\CurrentDayOfTheWeek.csproj", "{E96FD173-01A2-4ABF-8661-376CB490B8A2}"
EndProject
Project("{FAE04EC0-301F-11D3-BF4B-00C04F79EFBC}") = "TriangleSurface", "TriangleSurface\TriangleSurface.csproj", "{4EE60BB2-3437-4157-9874-E3580CDFD8E4}"
EndProject
Project("{FAE04EC0-301F-11D3-BF4B-00C04F79EFBC}") = "SequenceOfNumbers", "SequenceOfNumbers\SequenceOfNumbers.csproj", "{4052AFA1-222A-46B1-9E1A-B138FD5D037C}"
EndProject
Project("{FAE04EC0-301F-11D3-BF4B-00C04F79EFBC}") = "WorkDays", "WorkDays\WorkDays.csproj", "{038200A5-8E0B-4F8A-9E48-D843722DF863}"
EndProject
Project("{FAE04EC0-301F-11D3-BF4B-00C04F79EFBC}") = "Calculator", "Calculator\Calculator.csproj", "{CBC27463-5435-43F3-84D9-6E57309BF029}"
EndProject
Global
	GlobalSection(SolutionConfigurationPlatforms) = preSolution
		Debug|Any CPU = Debug|Any CPU
		Release|Any CPU = Release|Any CPU
	EndGlobalSection
	GlobalSection(ProjectConfigurationPlatforms) = postSolution
		{13D15B35-06B6-493F-BFA1-353EB6D49CD2}.Debug|Any CPU.ActiveCfg = Debug|Any CPU
		{13D15B35-06B6-493F-BFA1-353EB6D49CD2}.Debug|Any CPU.Build.0 = Debug|Any CPU
		{13D15B35-06B6-493F-BFA1-353EB6D49CD2}.Release|Any CPU.ActiveCfg = Release|Any CPU
		{13D15B35-06B6-493F-BFA1-353EB6D49CD2}.Release|Any CPU.Build.0 = Release|Any CPU
		{1091AEEF-34B4-4FFD-86BF-B620B6890F67}.Debug|Any CPU.ActiveCfg = Debug|Any CPU
		{1091AEEF-34B4-4FFD-86BF-B620B6890F67}.Debug|Any CPU.Build.0 = Debug|Any CPU
		{1091AEEF-34B4-4FFD-86BF-B620B6890F67}.Release|Any CPU.ActiveCfg = Release|Any CPU
		{1091AEEF-34B4-4FFD-86BF-B620B6890F67}.Release|Any CPU.Build.0 = Release|Any CPU
		{E96FD173-01A2-4ABF-8661-376CB490B8A2}.Debug|Any CPU.ActiveCfg = Debug|Any CPU
		{E96FD173-01A2-4ABF-8661-376CB490B8A2}.Debug|Any CPU.Build.0 = Debug|Any CPU
		{E96FD173-01A2-4ABF-8661-376CB490B8A2}.Release|Any CPU.ActiveCfg = Release|Any CPU
		{E96FD173-01A2-4ABF-8661-376CB490B8A2}.Release|Any CPU.Build.0 = Release|Any CPU
		{4EE60BB2-3437-4157-9874-E3580CDFD8E4}.Debug|Any CPU.ActiveCfg = Debug|Any CPU
		{4EE60BB2-3437-4157-9874-E3580CDFD8E4}.Debug|Any CPU.Build.0 = Debug|Any CPU
		{4EE60BB2-3437-4157-9874-E3580CDFD8E4}.Release|Any CPU.ActiveCfg = Release|Any CPU
		{4EE60BB2-3437-4157-9874-E3580CDFD8E4}.Release|Any CPU.Build.0 = Release|Any CPU
		{4052AFA1-222A-46B1-9E1A-B138FD5D037C}.Debug|Any CPU.ActiveCfg = Debug|Any CPU
		{4052AFA1-222A-46B1-9E1A-B138FD5D037C}.Debug|Any CPU.Build.0 = Debug|Any CPU
		{4052AFA1-222A-46B1-9E1A-B138FD5D037C}.Release|Any CPU.ActiveCfg = Release|Any CPU
		{4052AFA1-222A-46B1-9E1A-B138FD5D037C}.Release|Any CPU.Build.0 = Release|Any CPU
		{038200A5-8E0B-4F8A-9E48-D843722DF863}.Debug|Any CPU.ActiveCfg = Debug|Any CPU
		{038200A5-8E0B-4F8A-9E48-D843722DF863}.Debug|Any CPU.Build.0 = Debug|Any CPU
		{038200A5-8E0B-4F8A-9E48-D843722DF863}.Release|Any CPU.ActiveCfg = Release|Any CPU
		{038200A5-8E0B-4F8A-9E48-D843722DF863}.Release|Any CPU.Build.0 = Release|Any CPU
		{CBC27463-5435-43F3-84D9-6E57309BF029}.Debug|Any CPU.ActiveCfg = Debug|Any CPU
		{CBC27463-5435-43F3-84D9-6E57309BF029}.Debug|Any CPU.Build.0 = Debug|Any CPU
		{CBC27463-5435-43F3-84D9-6E57309BF029}.Release|Any CPU.ActiveCfg = Release|Any CPU
		{CBC27463-5435-43F3-84D9-6E57309BF029}.Release|Any CPU.Build.0 = Release|Any CPU
	EndGlobalSection
	GlobalSection(SolutionProperties) = preSolution
		HideSolutionNode = FALSE
	EndGlobalSection
EndGlobal
